
Microsoft Visual Studio Solution File, Format Version 12.00
# Visual Studio 2013
VisualStudioVersion = 12.0.40629.0
MinimumVisualStudioVersion = 10.0.40219.1
Project("{FAE04EC0-301F-11D3-BF4B-00C04F79EFBC}") = "EasyBus.Tests", "EasyBus.Tests\EasyBus.Tests.csproj", "{04D4CF27-E8F9-4428-8CFA-D5F86AF7E9AB}"
EndProject
Project("{FAE04EC0-301F-11D3-BF4B-00C04F79EFBC}") = "EasyBus.Abstraction", "EasyBus.Abstraction\EasyBus.Abstraction.csproj", "{4BC13074-2309-460D-B4A5-A5094604A67E}"
EndProject
Project("{FAE04EC0-301F-11D3-BF4B-00C04F79EFBC}") = "EasyBus.RabbitMQIntegration", "EasyBus.RabbitMQIntegration\EasyBus.RabbitMQIntegration.csproj", "{2B7E16D8-F917-474D-BA38-7CF730E88B01}"
EndProject
Project("{FAE04EC0-301F-11D3-BF4B-00C04F79EFBC}") = "EasyBus.Types", "EasyBus.Types\EasyBus.Types.csproj", "{744AD557-C72C-450D-9DDE-3F2779995F0E}"
EndProject
Project("{FAE04EC0-301F-11D3-BF4B-00C04F79EFBC}") = "EasyBus.Consumer", "EasyBus.Consumer\EasyBus.Consumer.csproj", "{36F0B9AF-5326-4338-AEE7-DF36AF5A397C}"
EndProject
Project("{FAE04EC0-301F-11D3-BF4B-00C04F79EFBC}") = "EasyBus.Shared", "EasyBus.Shared\EasyBus.Shared.csproj", "{185FE1C3-FB98-4F64-BF30-4EF105479454}"
EndProject
Global
	GlobalSection(SolutionConfigurationPlatforms) = preSolution
		Debug|Any CPU = Debug|Any CPU
		Release|Any CPU = Release|Any CPU
	EndGlobalSection
	GlobalSection(ProjectConfigurationPlatforms) = postSolution
		{04D4CF27-E8F9-4428-8CFA-D5F86AF7E9AB}.Debug|Any CPU.ActiveCfg = Debug|Any CPU
		{04D4CF27-E8F9-4428-8CFA-D5F86AF7E9AB}.Debug|Any CPU.Build.0 = Debug|Any CPU
		{04D4CF27-E8F9-4428-8CFA-D5F86AF7E9AB}.Release|Any CPU.ActiveCfg = Release|Any CPU
		{04D4CF27-E8F9-4428-8CFA-D5F86AF7E9AB}.Release|Any CPU.Build.0 = Release|Any CPU
		{4BC13074-2309-460D-B4A5-A5094604A67E}.Debug|Any CPU.ActiveCfg = Debug|Any CPU
		{4BC13074-2309-460D-B4A5-A5094604A67E}.Debug|Any CPU.Build.0 = Debug|Any CPU
		{4BC13074-2309-460D-B4A5-A5094604A67E}.Release|Any CPU.ActiveCfg = Release|Any CPU
		{4BC13074-2309-460D-B4A5-A5094604A67E}.Release|Any CPU.Build.0 = Release|Any CPU
		{2B7E16D8-F917-474D-BA38-7CF730E88B01}.Debug|Any CPU.ActiveCfg = Debug|Any CPU
		{2B7E16D8-F917-474D-BA38-7CF730E88B01}.Debug|Any CPU.Build.0 = Debug|Any CPU
		{2B7E16D8-F917-474D-BA38-7CF730E88B01}.Release|Any CPU.ActiveCfg = Release|Any CPU
		{2B7E16D8-F917-474D-BA38-7CF730E88B01}.Release|Any CPU.Build.0 = Release|Any CPU
		{744AD557-C72C-450D-9DDE-3F2779995F0E}.Debug|Any CPU.ActiveCfg = Debug|Any CPU
		{744AD557-C72C-450D-9DDE-3F2779995F0E}.Debug|Any CPU.Build.0 = Debug|Any CPU
		{744AD557-C72C-450D-9DDE-3F2779995F0E}.Release|Any CPU.ActiveCfg = Release|Any CPU
		{744AD557-C72C-450D-9DDE-3F2779995F0E}.Release|Any CPU.Build.0 = Release|Any CPU
		{36F0B9AF-5326-4338-AEE7-DF36AF5A397C}.Debug|Any CPU.ActiveCfg = Debug|Any CPU
		{36F0B9AF-5326-4338-AEE7-DF36AF5A397C}.Debug|Any CPU.Build.0 = Debug|Any CPU
		{36F0B9AF-5326-4338-AEE7-DF36AF5A397C}.Release|Any CPU.ActiveCfg = Release|Any CPU
		{36F0B9AF-5326-4338-AEE7-DF36AF5A397C}.Release|Any CPU.Build.0 = Release|Any CPU
		{185FE1C3-FB98-4F64-BF30-4EF105479454}.Debug|Any CPU.ActiveCfg = Debug|Any CPU
		{185FE1C3-FB98-4F64-BF30-4EF105479454}.Debug|Any CPU.Build.0 = Debug|Any CPU
		{185FE1C3-FB98-4F64-BF30-4EF105479454}.Release|Any CPU.ActiveCfg = Release|Any CPU
		{185FE1C3-FB98-4F64-BF30-4EF105479454}.Release|Any CPU.Build.0 = Release|Any CPU
	EndGlobalSection
	GlobalSection(SolutionProperties) = preSolution
		HideSolutionNode = FALSE
	EndGlobalSection
EndGlobal
